{
    "_readme": [
        "This file locks the dependencies of your project to a known state",
        "Read more about it at https://getcomposer.org/doc/01-basic-usage.md#installing-dependencies",
        "This file is @generated automatically"
    ],
    "content-hash": "bfa7e6444608d9b6a9ef8ac85b4e2891",
    "packages": [
        {
            "name": "psr/log",
            "version": "1.0.0",
            "source": {
                "type": "git",
                "url": "https://github.com/php-fig/log.git",
                "reference": "fe0936ee26643249e916849d48e3a51d5f5e278b"
            },
            "dist": {
                "type": "zip",
                "url": "https://api.github.com/repos/php-fig/log/zipball/fe0936ee26643249e916849d48e3a51d5f5e278b",
                "reference": "fe0936ee26643249e916849d48e3a51d5f5e278b",
                "shasum": ""
            },
            "type": "library",
            "autoload": {
                "psr-0": {
                    "Psr\\Log\\": ""
                }
            },
            "notification-url": "https://packagist.org/downloads/",
            "license": [
                "MIT"
            ],
            "authors": [
                {
                    "name": "PHP-FIG",
                    "homepage": "http://www.php-fig.org/"
                }
            ],
            "description": "Common interface for logging libraries",
            "keywords": [
                "log",
                "psr",
                "psr-3"
            ],
            "time": "2012-12-21T11:40:51+00:00"
        },
        {
            "name": "rad8329/cordillera",
            "version": "dev-master",
            "source": {
                "type": "git",
                "url": "https://github.com/rad8329/Cordillera.git",
                "reference": "f483221d37745e74bcc2bf60ca2bde3c9037e90a"
            },
            "dist": {
                "type": "zip",
                "url": "https://api.github.com/repos/rad8329/Cordillera/zipball/f483221d37745e74bcc2bf60ca2bde3c9037e90a",
                "reference": "f483221d37745e74bcc2bf60ca2bde3c9037e90a",
                "shasum": ""
            },
            "require": {
                "ext-json": "*",
                "ext-mcrypt": "*",
                "php": ">=5.4",
                "psr/log": "1.0.0"
            },
            "type": "library",
            "notification-url": "https://packagist.org/downloads/",
            "license": [
                "MIT"
            ],
            "authors": [
                {
                    "name": "Robert Adrián Díaz",
                    "email": "rad8329@gmail.com"
                }
            ],
            "description": "PHP lightweight framework (MVC)",
            "keywords": [
                "cordillera",
                "framework",
                "php"
            ],
            "time": "2018-10-18T17:11:20+00:00"
        }
    ],
    "packages-dev": [],
    "aliases": [],
    "minimum-stability": "dev",
    "stability-flags": [],
    "prefer-stable": false,
    "prefer-lowest": false,
    "platform": {
        "php": "^5.5",
        "ext-mcrypt": "*",
        "ext-json": "*"
    },
    "platform-dev": []
}
